// !$*UTF8*$!
{
	archiveVersion = 1;
	classes = {
	};
	objectVersion = 48;
	objects = {

/* Begin PBXBuildFile section */
		749172726264E0A493EBEB26 /* Pods_initgram.framework in Frameworks */ = {isa = PBXBuildFile; fileRef = 316F9EA51B929E9755F39A05 /* Pods_initgram.framework */; };
		BFBE2D2E203CFD880074937F /* AppDelegate.swift in Sources */ = {isa = PBXBuildFile; fileRef = BFBE2D2D203CFD880074937F /* AppDelegate.swift */; };
		BFBE2D30203CFD880074937F /* ViewController.swift in Sources */ = {isa = PBXBuildFile; fileRef = BFBE2D2F203CFD880074937F /* ViewController.swift */; };
		BFBE2D33203CFD880074937F /* Main.storyboard in Resources */ = {isa = PBXBuildFile; fileRef = BFBE2D31203CFD880074937F /* Main.storyboard */; };
		BFBE2D35203CFD880074937F /* Assets.xcassets in Resources */ = {isa = PBXBuildFile; fileRef = BFBE2D34203CFD880074937F /* Assets.xcassets */; };
		BFBE2D38203CFD880074937F /* LaunchScreen.storyboard in Resources */ = {isa = PBXBuildFile; fileRef = BFBE2D36203CFD880074937F /* LaunchScreen.storyboard */; };
		BFBE2D43203CFD890074937F /* initgramTests.swift in Sources */ = {isa = PBXBuildFile; fileRef = BFBE2D42203CFD890074937F /* initgramTests.swift */; };
		BFBE2D4E203CFD890074937F /* initgramUITests.swift in Sources */ = {isa = PBXBuildFile; fileRef = BFBE2D4D203CFD890074937F /* initgramUITests.swift */; };
		BFBE2D5E203D02950074937F /* LoginViewController.swift in Sources */ = {isa = PBXBuildFile; fileRef = BFBE2D5D203D02950074937F /* LoginViewController.swift */; };
		BFBE2D63203DD3FC0074937F /* ContractViewController.swift in Sources */ = {isa = PBXBuildFile; fileRef = BFBE2D62203DD3FC0074937F /* ContractViewController.swift */; };
		BFBE2D65203DDD520074937F /* signupViewController.swift in Sources */ = {isa = PBXBuildFile; fileRef = BFBE2D64203DDD520074937F /* signupViewController.swift */; };
		D2E1A029B914CF33816E62D1 /* Pods_initgramUITests.framework in Frameworks */ = {isa = PBXBuildFile; fileRef = 48CBAE1BA061479D34FA16F6 /* Pods_initgramUITests.framework */; };
		F594557B7C54577A8C073FA6 /* Pods_initgramTests.framework in Frameworks */ = {isa = PBXBuildFile; fileRef = 713B196B49C84F887F92B4B8 /* Pods_initgramTests.framework */; };
/* End PBXBuildFile section */

/* Begin PBXContainerItemProxy section */
		BFBE2D3F203CFD890074937F /* PBXContainerItemProxy */ = {
			isa = PBXContainerItemProxy;
			containerPortal = BFBE2D22203CFD880074937F /* Project object */;
			proxyType = 1;
			remoteGlobalIDString = BFBE2D29203CFD880074937F;
			remoteInfo = initgram;
		};
		BFBE2D4A203CFD890074937F /* PBXContainerItemProxy */ = {
			isa = PBXContainerItemProxy;
			containerPortal = BFBE2D22203CFD880074937F /* Project object */;
			proxyType = 1;
			remoteGlobalIDString = BFBE2D29203CFD880074937F;
			remoteInfo = initgram;
		};
/* End PBXContainerItemProxy section */

/* Begin PBXFileReference section */
		302A293542F559AF1FB968BF /* Pods-initgram.release.xcconfig */ = {isa = PBXFileReference; includeInIndex = 1; lastKnownFileType = text.xcconfig; name = "Pods-initgram.release.xcconfig"; path = "Pods/Target Support Files/Pods-initgram/Pods-initgram.release.xcconfig"; sourceTree = "<group>"; };
		316F9EA51B929E9755F39A05 /* Pods_initgram.framework */ = {isa = PBXFileReference; explicitFileType = wrapper.framework; includeInIndex = 0; path = Pods_initgram.framework; sourceTree = BUILT_PRODUCTS_DIR; };
		3FBCCC5A485B3D8409EF8B98 /* Pods-initgram.debug.xcconfig */ = {isa = PBXFileReference; includeInIndex = 1; lastKnownFileType = text.xcconfig; name = "Pods-initgram.debug.xcconfig"; path = "Pods/Target Support Files/Pods-initgram/Pods-initgram.debug.xcconfig"; sourceTree = "<group>"; };
		48CBAE1BA061479D34FA16F6 /* Pods_initgramUITests.framework */ = {isa = PBXFileReference; explicitFileType = wrapper.framework; includeInIndex = 0; path = Pods_initgramUITests.framework; sourceTree = BUILT_PRODUCTS_DIR; };
		4FE60EC591FF750FFAA489C8 /* Pods-initgramUITests.release.xcconfig */ = {isa = PBXFileReference; includeInIndex = 1; lastKnownFileType = text.xcconfig; name = "Pods-initgramUITests.release.xcconfig"; path = "Pods/Target Support Files/Pods-initgramUITests/Pods-initgramUITests.release.xcconfig"; sourceTree = "<group>"; };
		713B196B49C84F887F92B4B8 /* Pods_initgramTests.framework */ = {isa = PBXFileReference; explicitFileType = wrapper.framework; includeInIndex = 0; path = Pods_initgramTests.framework; sourceTree = BUILT_PRODUCTS_DIR; };
		A7A49A554A4C5A800D1049D6 /* Pods-initgramTests.release.xcconfig */ = {isa = PBXFileReference; includeInIndex = 1; lastKnownFileType = text.xcconfig; name = "Pods-initgramTests.release.xcconfig"; path = "Pods/Target Support Files/Pods-initgramTests/Pods-initgramTests.release.xcconfig"; sourceTree = "<group>"; };
		BFBE2D2A203CFD880074937F /* initgram.app */ = {isa = PBXFileReference; explicitFileType = wrapper.application; includeInIndex = 0; path = initgram.app; sourceTree = BUILT_PRODUCTS_DIR; };
		BFBE2D2D203CFD880074937F /* AppDelegate.swift */ = {isa = PBXFileReference; lastKnownFileType = sourcecode.swift; path = AppDelegate.swift; sourceTree = "<group>"; };
		BFBE2D2F203CFD880074937F /* ViewController.swift */ = {isa = PBXFileReference; lastKnownFileType = sourcecode.swift; path = ViewController.swift; sourceTree = "<group>"; };
		BFBE2D32203CFD880074937F /* Base */ = {isa = PBXFileReference; lastKnownFileType = file.storyboard; name = Base; path = Base.lproj/Main.storyboard; sourceTree = "<group>"; };
		BFBE2D34203CFD880074937F /* Assets.xcassets */ = {isa = PBXFileReference; lastKnownFileType = folder.assetcatalog; path = Assets.xcassets; sourceTree = "<group>"; };
		BFBE2D37203CFD880074937F /* Base */ = {isa = PBXFileReference; lastKnownFileType = file.storyboard; name = Base; path = Base.lproj/LaunchScreen.storyboard; sourceTree = "<group>"; };
		BFBE2D39203CFD880074937F /* Info.plist */ = {isa = PBXFileReference; lastKnownFileType = text.plist.xml; path = Info.plist; sourceTree = "<group>"; };
		BFBE2D3E203CFD890074937F /* initgramTests.xctest */ = {isa = PBXFileReference; explicitFileType = wrapper.cfbundle; includeInIndex = 0; path = initgramTests.xctest; sourceTree = BUILT_PRODUCTS_DIR; };
		BFBE2D42203CFD890074937F /* initgramTests.swift */ = {isa = PBXFileReference; lastKnownFileType = sourcecode.swift; path = initgramTests.swift; sourceTree = "<group>"; };
		BFBE2D44203CFD890074937F /* Info.plist */ = {isa = PBXFileReference; lastKnownFileType = text.plist.xml; path = Info.plist; sourceTree = "<group>"; };
		BFBE2D49203CFD890074937F /* initgramUITests.xctest */ = {isa = PBXFileReference; explicitFileType = wrapper.cfbundle; includeInIndex = 0; path = initgramUITests.xctest; sourceTree = BUILT_PRODUCTS_DIR; };
		BFBE2D4D203CFD890074937F /* initgramUITests.swift */ = {isa = PBXFileReference; lastKnownFileType = sourcecode.swift; path = initgramUITests.swift; sourceTree = "<group>"; };
		BFBE2D4F203CFD890074937F /* Info.plist */ = {isa = PBXFileReference; lastKnownFileType = text.plist.xml; path = Info.plist; sourceTree = "<group>"; };
		BFBE2D5D203D02950074937F /* LoginViewController.swift */ = {isa = PBXFileReference; lastKnownFileType = sourcecode.swift; path = LoginViewController.swift; sourceTree = "<group>"; };
		BFBE2D62203DD3FC0074937F /* ContractViewController.swift */ = {isa = PBXFileReference; lastKnownFileType = sourcecode.swift; path = ContractViewController.swift; sourceTree = "<group>"; };
		BFBE2D64203DDD520074937F /* signupViewController.swift */ = {isa = PBXFileReference; lastKnownFileType = sourcecode.swift; path = signupViewController.swift; sourceTree = "<group>"; };
		DB6107FE2BD5439D2C534EBC /* Pods-initgramUITests.debug.xcconfig */ = {isa = PBXFileReference; includeInIndex = 1; lastKnownFileType = text.xcconfig; name = "Pods-initgramUITests.debug.xcconfig"; path = "Pods/Target Support Files/Pods-initgramUITests/Pods-initgramUITests.debug.xcconfig"; sourceTree = "<group>"; };
		F3568C3977317EB530BE0895 /* Pods-initgramTests.debug.xcconfig */ = {isa = PBXFileReference; includeInIndex = 1; lastKnownFileType = text.xcconfig; name = "Pods-initgramTests.debug.xcconfig"; path = "Pods/Target Support Files/Pods-initgramTests/Pods-initgramTests.debug.xcconfig"; sourceTree = "<group>"; };
/* End PBXFileReference section */

/* Begin PBXFrameworksBuildPhase section */
		BFBE2D27203CFD880074937F /* Frameworks */ = {
			isa = PBXFrameworksBuildPhase;
			buildActionMask = 2147483647;
			files = (
				749172726264E0A493EBEB26 /* Pods_initgram.framework in Frameworks */,
			);
			runOnlyForDeploymentPostprocessing = 0;
		};
		BFBE2D3B203CFD890074937F /* Frameworks */ = {
			isa = PBXFrameworksBuildPhase;
			buildActionMask = 2147483647;
			files = (
				F594557B7C54577A8C073FA6 /* Pods_initgramTests.framework in Frameworks */,
			);
			runOnlyForDeploymentPostprocessing = 0;
		};
		BFBE2D46203CFD890074937F /* Frameworks */ = {
			isa = PBXFrameworksBuildPhase;
			buildActionMask = 2147483647;
			files = (
				D2E1A029B914CF33816E62D1 /* Pods_initgramUITests.framework in Frameworks */,
			);
			runOnlyForDeploymentPostprocessing = 0;
		};
/* End PBXFrameworksBuildPhase section */

/* Begin PBXGroup section */
		A0FED8A31E9626AF6A7D2CED /* Pods */ = {
			isa = PBXGroup;
			children = (
				3FBCCC5A485B3D8409EF8B98 /* Pods-initgram.debug.xcconfig */,
				302A293542F559AF1FB968BF /* Pods-initgram.release.xcconfig */,
				F3568C3977317EB530BE0895 /* Pods-initgramTests.debug.xcconfig */,
				A7A49A554A4C5A800D1049D6 /* Pods-initgramTests.release.xcconfig */,
				DB6107FE2BD5439D2C534EBC /* Pods-initgramUITests.debug.xcconfig */,
				4FE60EC591FF750FFAA489C8 /* Pods-initgramUITests.release.xcconfig */,
			);
			name = Pods;
			sourceTree = "<group>";
		};
		B731CDAF23BA8DFF80472202 /* Frameworks */ = {
			isa = PBXGroup;
			children = (
				316F9EA51B929E9755F39A05 /* Pods_initgram.framework */,
				713B196B49C84F887F92B4B8 /* Pods_initgramTests.framework */,
				48CBAE1BA061479D34FA16F6 /* Pods_initgramUITests.framework */,
			);
			name = Frameworks;
			sourceTree = "<group>";
		};
		BFBE2D21203CFD880074937F = {
			isa = PBXGroup;
			children = (
				BFBE2D2C203CFD880074937F /* initgram */,
				BFBE2D41203CFD890074937F /* initgramTests */,
				BFBE2D4C203CFD890074937F /* initgramUITests */,
				BFBE2D2B203CFD880074937F /* Products */,
				A0FED8A31E9626AF6A7D2CED /* Pods */,
				B731CDAF23BA8DFF80472202 /* Frameworks */,
			);
			sourceTree = "<group>";
		};
		BFBE2D2B203CFD880074937F /* Products */ = {
			isa = PBXGroup;
			children = (
				BFBE2D2A203CFD880074937F /* initgram.app */,
				BFBE2D3E203CFD890074937F /* initgramTests.xctest */,
				BFBE2D49203CFD890074937F /* initgramUITests.xctest */,
			);
			name = Products;
			sourceTree = "<group>";
		};
		BFBE2D2C203CFD880074937F /* initgram */ = {
			isa = PBXGroup;
			children = (
				BFBE2D5F203DD1050074937F /* ViewControllers */,
				BFBE2D2D203CFD880074937F /* AppDelegate.swift */,
				BFBE2D31203CFD880074937F /* Main.storyboard */,
				BFBE2D34203CFD880074937F /* Assets.xcassets */,
				BFBE2D36203CFD880074937F /* LaunchScreen.storyboard */,
				BFBE2D39203CFD880074937F /* Info.plist */,
			);
			path = initgram;
			sourceTree = "<group>";
		};
		BFBE2D41203CFD890074937F /* initgramTests */ = {
			isa = PBXGroup;
			children = (
				BFBE2D42203CFD890074937F /* initgramTests.swift */,
				BFBE2D44203CFD890074937F /* Info.plist */,
			);
			path = initgramTests;
			sourceTree = "<group>";
		};
		BFBE2D4C203CFD890074937F /* initgramUITests */ = {
			isa = PBXGroup;
			children = (
				BFBE2D4D203CFD890074937F /* initgramUITests.swift */,
				BFBE2D4F203CFD890074937F /* Info.plist */,
			);
			path = initgramUITests;
			sourceTree = "<group>";
		};
		BFBE2D5F203DD1050074937F /* ViewControllers */ = {
			isa = PBXGroup;
			children = (
				BFBE2D5D203D02950074937F /* LoginViewController.swift */,
				BFBE2D2F203CFD880074937F /* ViewController.swift */,
				BFBE2D62203DD3FC0074937F /* ContractViewController.swift */,
				BFBE2D64203DDD520074937F /* signupViewController.swift */,
			);
			path = ViewControllers;
			sourceTree = "<group>";
		};
/* End PBXGroup section */

/* Begin PBXNativeTarget section */
		BFBE2D29203CFD880074937F /* initgram */ = {
			isa = PBXNativeTarget;
			buildConfigurationList = BFBE2D52203CFD890074937F /* Build configuration list for PBXNativeTarget "initgram" */;
			buildPhases = (
				F6AA23FD27C80C67D6AE7E59 /* [CP] Check Pods Manifest.lock */,
				BFBE2D26203CFD880074937F /* Sources */,
				BFBE2D27203CFD880074937F /* Frameworks */,
				BFBE2D28203CFD880074937F /* Resources */,
				43C9D73EA2790F19E9FBD03D /* [CP] Embed Pods Frameworks */,
				86DE15DC12F7B1DC972377E7 /* [CP] Copy Pods Resources */,
			);
			buildRules = (
			);
			dependencies = (
			);
			name = initgram;
			productName = initgram;
			productReference = BFBE2D2A203CFD880074937F /* initgram.app */;
			productType = "com.apple.product-type.application";
		};
		BFBE2D3D203CFD890074937F /* initgramTests */ = {
			isa = PBXNativeTarget;
			buildConfigurationList = BFBE2D55203CFD890074937F /* Build configuration list for PBXNativeTarget "initgramTests" */;
			buildPhases = (
				2AF296F4DC0D7A61F33587C8 /* [CP] Check Pods Manifest.lock */,
				BFBE2D3A203CFD890074937F /* Sources */,
				BFBE2D3B203CFD890074937F /* Frameworks */,
				BFBE2D3C203CFD890074937F /* Resources */,
				E2C01EA7FC20735F5ADD00AF /* [CP] Embed Pods Frameworks */,
				2F5C72644D3FC7D128D5E2D2 /* [CP] Copy Pods Resources */,
			);
			buildRules = (
			);
			dependencies = (
				BFBE2D40203CFD890074937F /* PBXTargetDependency */,
			);
			name = initgramTests;
			productName = initgramTests;
			productReference = BFBE2D3E203CFD890074937F /* initgramTests.xctest */;
			productType = "com.apple.product-type.bundle.unit-test";
		};
		BFBE2D48203CFD890074937F /* initgramUITests */ = {
			isa = PBXNativeTarget;
			buildConfigurationList = BFBE2D58203CFD890074937F /* Build configuration list for PBXNativeTarget "initgramUITests" */;
			buildPhases = (
				6E397340BB2033F18515A4D4 /* [CP] Check Pods Manifest.lock */,
				BFBE2D45203CFD890074937F /* Sources */,
				BFBE2D46203CFD890074937F /* Frameworks */,
				BFBE2D47203CFD890074937F /* Resources */,
				754D169646D70A1758DFFF11 /* [CP] Embed Pods Frameworks */,
				FB9FB9451AE5771849AEA760 /* [CP] Copy Pods Resources */,
			);
			buildRules = (
			);
			dependencies = (
				BFBE2D4B203CFD890074937F /* PBXTargetDependency */,
			);
			name = initgramUITests;
			productName = initgramUITests;
			productReference = BFBE2D49203CFD890074937F /* initgramUITests.xctest */;
			productType = "com.apple.product-type.bundle.ui-testing";
		};
/* End PBXNativeTarget section */

/* Begin PBXProject section */
		BFBE2D22203CFD880074937F /* Project object */ = {
			isa = PBXProject;
			attributes = {
				LastSwiftUpdateCheck = 0920;
				LastUpgradeCheck = 0920;
				ORGANIZATIONNAME = "Kelvin Lui";
				TargetAttributes = {
					BFBE2D29203CFD880074937F = {
						CreatedOnToolsVersion = 9.2;
						ProvisioningStyle = Automatic;
					};
					BFBE2D3D203CFD890074937F = {
						CreatedOnToolsVersion = 9.2;
						ProvisioningStyle = Automatic;
						TestTargetID = BFBE2D29203CFD880074937F;
					};
					BFBE2D48203CFD890074937F = {
						CreatedOnToolsVersion = 9.2;
						ProvisioningStyle = Automatic;
						TestTargetID = BFBE2D29203CFD880074937F;
					};
				};
			};
			buildConfigurationList = BFBE2D25203CFD880074937F /* Build configuration list for PBXProject "initgram" */;
			compatibilityVersion = "Xcode 8.0";
			developmentRegion = en;
			hasScannedForEncodings = 0;
			knownRegions = (
				en,
				Base,
			);
			mainGroup = BFBE2D21203CFD880074937F;
			productRefGroup = BFBE2D2B203CFD880074937F /* Products */;
			projectDirPath = "";
			projectRoot = "";
			targets = (
				BFBE2D29203CFD880074937F /* initgram */,
				BFBE2D3D203CFD890074937F /* initgramTests */,
				BFBE2D48203CFD890074937F /* initgramUITests */,
			);
		};
/* End PBXProject section */

/* Begin PBXResourcesBuildPhase section */
		BFBE2D28203CFD880074937F /* Resources */ = {
			isa = PBXResourcesBuildPhase;
			buildActionMask = 2147483647;
			files = (
				BFBE2D38203CFD880074937F /* LaunchScreen.storyboard in Resources */,
				BFBE2D35203CFD880074937F /* Assets.xcassets in Resources */,
				BFBE2D33203CFD880074937F /* Main.storyboard in Resources */,
			);
			runOnlyForDeploymentPostprocessing = 0;
		};
		BFBE2D3C203CFD890074937F /* Resources */ = {
			isa = PBXResourcesBuildPhase;
			buildActionMask = 2147483647;
			files = (
			);
			runOnlyForDeploymentPostprocessing = 0;
		};
		BFBE2D47203CFD890074937F /* Resources */ = {
			isa = PBXResourcesBuildPhase;
			buildActionMask = 2147483647;
			files = (
			);
			runOnlyForDeploymentPostprocessing = 0;
		};
/* End PBXResourcesBuildPhase section */

/* Begin PBXShellScriptBuildPhase section */
		2AF296F4DC0D7A61F33587C8 /* [CP] Check Pods Manifest.lock */ = {
			isa = PBXShellScriptBuildPhase;
			buildActionMask = 2147483647;
			files = (
			);
			inputPaths = (
				"${PODS_PODFILE_DIR_PATH}/Podfile.lock",
				"${PODS_ROOT}/Manifest.lock",
			);
			name = "[CP] Check Pods Manifest.lock";
			outputPaths = (
				"$(DERIVED_FILE_DIR)/Pods-initgramTests-checkManifestLockResult.txt",
			);
			runOnlyForDeploymentPostprocessing = 0;
			shellPath = /bin/sh;
			shellScript = "diff \"${PODS_PODFILE_DIR_PATH}/Podfile.lock\" \"${PODS_ROOT}/Manifest.lock\" > /dev/null\nif [ $? != 0 ] ; then\n    # print error to STDERR\n    echo \"error: The sandbox is not in sync with the Podfile.lock. Run 'pod install' or update your CocoaPods installation.\" >&2\n    exit 1\nfi\n# This output is used by Xcode 'outputs' to avoid re-running this script phase.\necho \"SUCCESS\" > \"${SCRIPT_OUTPUT_FILE_0}\"\n";
			showEnvVarsInLog = 0;
		};
		2F5C72644D3FC7D128D5E2D2 /* [CP] Copy Pods Resources */ = {
			isa = PBXShellScriptBuildPhase;
			buildActionMask = 2147483647;
			files = (
			);
			inputPaths = (
			);
			name = "[CP] Copy Pods Resources";
			outputPaths = (
			);
			runOnlyForDeploymentPostprocessing = 0;
			shellPath = /bin/sh;
			shellScript = "\"${SRCROOT}/Pods/Target Support Files/Pods-initgramTests/Pods-initgramTests-resources.sh\"\n";
			showEnvVarsInLog = 0;
		};
		43C9D73EA2790F19E9FBD03D /* [CP] Embed Pods Frameworks */ = {
			isa = PBXShellScriptBuildPhase;
			buildActionMask = 2147483647;
			files = (
			);
			inputPaths = (
				"${SRCROOT}/Pods/Target Support Files/Pods-initgram/Pods-initgram-frameworks.sh",
				"${BUILT_PRODUCTS_DIR}/Bolts/Bolts.framework",
				"${BUILT_PRODUCTS_DIR}/Parse/Parse.framework",
			);
			name = "[CP] Embed Pods Frameworks";
			outputPaths = (
				"${TARGET_BUILD_DIR}/${FRAMEWORKS_FOLDER_PATH}/Bolts.framework",
				"${TARGET_BUILD_DIR}/${FRAMEWORKS_FOLDER_PATH}/Parse.framework",
			);
			runOnlyForDeploymentPostprocessing = 0;
			shellPath = /bin/sh;
			shellScript = "\"${SRCROOT}/Pods/Target Support Files/Pods-initgram/Pods-initgram-frameworks.sh\"\n";
			showEnvVarsInLog = 0;
		};
		6E397340BB2033F18515A4D4 /* [CP] Check Pods Manifest.lock */ = {
			isa = PBXShellScriptBuildPhase;
			buildActionMask = 2147483647;
			files = (
			);
			inputPaths = (
				"${PODS_PODFILE_DIR_PATH}/Podfile.lock",
				"${PODS_ROOT}/Manifest.lock",
			);
			name = "[CP] Check Pods Manifest.lock";
			outputPaths = (
				"$(DERIVED_FILE_DIR)/Pods-initgramUITests-checkManifestLockResult.txt",
			);
			runOnlyForDeploymentPostprocessing = 0;
			shellPath = /bin/sh;
			shellScript = "diff \"${PODS_PODFILE_DIR_PATH}/Podfile.lock\" \"${PODS_ROOT}/Manifest.lock\" > /dev/null\nif [ $? != 0 ] ; then\n    # print error to STDERR\n    echo \"error: The sandbox is not in sync with the Podfile.lock. Run 'pod install' or update your CocoaPods installation.\" >&2\n    exit 1\nfi\n# This output is used by Xcode 'outputs' to avoid re-running this script phase.\necho \"SUCCESS\" > \"${SCRIPT_OUTPUT_FILE_0}\"\n";
			showEnvVarsInLog = 0;
		};
		754D169646D70A1758DFFF11 /* [CP] Embed Pods Frameworks */ = {
			isa = PBXShellScriptBuildPhase;
			buildActionMask = 2147483647;
			files = (
			);
			inputPaths = (
			);
			name = "[CP] Embed Pods Frameworks";
			outputPaths = (
			);
			runOnlyForDeploymentPostprocessing = 0;
			shellPath = /bin/sh;
			shellScript = "\"${SRCROOT}/Pods/Target Support Files/Pods-initgramUITests/Pods-initgramUITests-frameworks.sh\"\n";
			showEnvVarsInLog = 0;
		};
		86DE15DC12F7B1DC972377E7 /* [CP] Copy Pods Resources */ = {
			isa = PBXShellScriptBuildPhase;
			buildActionMask = 2147483647;
			files = (
			);
			inputPaths = (
			);
			name = "[CP] Copy Pods Resources";
			outputPaths = (
			);
			runOnlyForDeploymentPostprocessing = 0;
			shellPath = /bin/sh;
			shellScript = "\"${SRCROOT}/Pods/Target Support Files/Pods-initgram/Pods-initgram-resources.sh\"\n";
			showEnvVarsInLog = 0;
		};
		E2C01EA7FC20735F5ADD00AF /* [CP] Embed Pods Frameworks */ = {
			isa = PBXShellScriptBuildPhase;
			buildActionMask = 2147483647;
			files = (
			);
			inputPaths = (
			);
			name = "[CP] Embed Pods Frameworks";
			outputPaths = (
			);
			runOnlyForDeploymentPostprocessing = 0;
			shellPath = /bin/sh;
			shellScript = "\"${SRCROOT}/Pods/Target Support Files/Pods-initgramTests/Pods-initgramTests-frameworks.sh\"\n";
			showEnvVarsInLog = 0;
		};
		F6AA23FD27C80C67D6AE7E59 /* [CP] Check Pods Manifest.lock */ = {
			isa = PBXShellScriptBuildPhase;
			buildActionMask = 2147483647;
			files = (
			);
			inputPaths = (
				"${PODS_PODFILE_DIR_PATH}/Podfile.lock",
				"${PODS_ROOT}/Manifest.lock",
			);
			name = "[CP] Check Pods Manifest.lock";
			outputPaths = (
				"$(DERIVED_FILE_DIR)/Pods-initgram-checkManifestLockResult.txt",
			);
			runOnlyForDeploymentPostprocessing = 0;
			shellPath = /bin/sh;
			shellScript = "diff \"${PODS_PODFILE_DIR_PATH}/Podfile.lock\" \"${PODS_ROOT}/Manifest.lock\" > /dev/null\nif [ $? != 0 ] ; then\n    # print error to STDERR\n    echo \"error: The sandbox is not in sync with the Podfile.lock. Run 'pod install' or update your CocoaPods installation.\" >&2\n    exit 1\nfi\n# This output is used by Xcode 'outputs' to avoid re-running this script phase.\necho \"SUCCESS\" > \"${SCRIPT_OUTPUT_FILE_0}\"\n";
			showEnvVarsInLog = 0;
		};
		FB9FB9451AE5771849AEA760 /* [CP] Copy Pods Resources */ = {
			isa = PBXShellScriptBuildPhase;
			buildActionMask = 2147483647;
			files = (
			);
			inputPaths = (
			);
			name = "[CP] Copy Pods Resources";
			outputPaths = (
			);
			runOnlyForDeploymentPostprocessing = 0;
			shellPath = /bin/sh;
			shellScript = "\"${SRCROOT}/Pods/Target Support Files/Pods-initgramUITests/Pods-initgramUITests-resources.sh\"\n";
			showEnvVarsInLog = 0;
		};
/* End PBXShellScriptBuildPhase section */

/* Begin PBXSourcesBuildPhase section */
		BFBE2D26203CFD880074937F /* Sources */ = {
			isa = PBXSourcesBuildPhase;
			buildActionMask = 2147483647;
			files = (
				BFBE2D63203DD3FC0074937F /* ContractViewController.swift in Sources */,
				BFBE2D5E203D02950074937F /* LoginViewController.swift in Sources */,
				BFBE2D65203DDD520074937F /* signupViewController.swift in Sources */,
				BFBE2D30203CFD880074937F /* ViewController.swift in Sources */,
				BFBE2D2E203CFD880074937F /* AppDelegate.swift in Sources */,
			);
			runOnlyForDeploymentPostprocessing = 0;
		};
		BFBE2D3A203CFD890074937F /* Sources */ = {
			isa = PBXSourcesBuildPhase;
			buildActionMask = 2147483647;
			files = (
				BFBE2D43203CFD890074937F /* initgramTests.swift in Sources */,
			);
			runOnlyForDeploymentPostprocessing = 0;
		};
		BFBE2D45203CFD890074937F /* Sources */ = {
			isa = PBXSourcesBuildPhase;
			buildActionMask = 2147483647;
			files = (
				BFBE2D4E203CFD890074937F /* initgramUITests.swift in Sources */,
			);
			runOnlyForDeploymentPostprocessing = 0;
		};
/* End PBXSourcesBuildPhase section */

/* Begin PBXTargetDependency section */
		BFBE2D40203CFD890074937F /* PBXTargetDependency */ = {
			isa = PBXTargetDependency;
			target = BFBE2D29203CFD880074937F /* initgram */;
			targetProxy = BFBE2D3F203CFD890074937F /* PBXContainerItemProxy */;
		};
		BFBE2D4B203CFD890074937F /* PBXTargetDependency */ = {
			isa = PBXTargetDependency;
			target = BFBE2D29203CFD880074937F /* initgram */;
			targetProxy = BFBE2D4A203CFD890074937F /* PBXContainerItemProxy */;
		};
/* End PBXTargetDependency section */

/* Begin PBXVariantGroup section */
		BFBE2D31203CFD880074937F /* Main.storyboard */ = {
			isa = PBXVariantGroup;
			children = (
				BFBE2D32203CFD880074937F /* Base */,
			);
			name = Main.storyboard;
			sourceTree = "<group>";
		};
		BFBE2D36203CFD880074937F /* LaunchScreen.storyboard */ = {
			isa = PBXVariantGroup;
			children = (
				BFBE2D37203CFD880074937F /* Base */,
			);
			name = LaunchScreen.storyboard;
			sourceTree = "<group>";
		};
/* End PBXVariantGroup section */

/* Begin XCBuildConfiguration section */
		BFBE2D50203CFD890074937F /* Debug */ = {
			isa = XCBuildConfiguration;
			buildSettings = {
				ALWAYS_SEARCH_USER_PATHS = NO;
				CLANG_ANALYZER_NONNULL = YES;
				CLANG_ANALYZER_NUMBER_OBJECT_CONVERSION = YES_AGGRESSIVE;
				CLANG_CXX_LANGUAGE_STANDARD = "gnu++14";
				CLANG_CXX_LIBRARY = "libc++";
				CLANG_ENABLE_MODULES = YES;
				CLANG_ENABLE_OBJC_ARC = YES;
				CLANG_WARN_BLOCK_CAPTURE_AUTORELEASING = YES;
				CLANG_WARN_BOOL_CONVERSION = YES;
				CLANG_WARN_COMMA = YES;
				CLANG_WARN_CONSTANT_CONVERSION = YES;
				CLANG_WARN_DIRECT_OBJC_ISA_USAGE = YES_ERROR;
				CLANG_WARN_DOCUMENTATION_COMMENTS = YES;
				CLANG_WARN_EMPTY_BODY = YES;
				CLANG_WARN_ENUM_CONVERSION = YES;
				CLANG_WARN_INFINITE_RECURSION = YES;
				CLANG_WARN_INT_CONVERSION = YES;
				CLANG_WARN_NON_LITERAL_NULL_CONVERSION = YES;
				CLANG_WARN_OBJC_LITERAL_CONVERSION = YES;
				CLANG_WARN_OBJC_ROOT_CLASS = YES_ERROR;
				CLANG_WARN_RANGE_LOOP_ANALYSIS = YES;
				CLANG_WARN_STRICT_PROTOTYPES = YES;
				CLANG_WARN_SUSPICIOUS_MOVE = YES;
				CLANG_WARN_UNGUARDED_AVAILABILITY = YES_AGGRESSIVE;
				CLANG_WARN_UNREACHABLE_CODE = YES;
				CLANG_WARN__DUPLICATE_METHOD_MATCH = YES;
				CODE_SIGN_IDENTITY = "iPhone Developer";
				COPY_PHASE_STRIP = NO;
				DEBUG_INFORMATION_FORMAT = dwarf;
				ENABLE_STRICT_OBJC_MSGSEND = YES;
				ENABLE_TESTABILITY = YES;
				GCC_C_LANGUAGE_STANDARD = gnu11;
				GCC_DYNAMIC_NO_PIC = NO;
				GCC_NO_COMMON_BLOCKS = YES;
				GCC_OPTIMIZATION_LEVEL = 0;
				GCC_PREPROCESSOR_DEFINITIONS = (
					"DEBUG=1",
					"$(inherited)",
				);
				GCC_WARN_64_TO_32_BIT_CONVERSION = YES;
				GCC_WARN_ABOUT_RETURN_TYPE = YES_ERROR;
				GCC_WARN_UNDECLARED_SELECTOR = YES;
				GCC_WARN_UNINITIALIZED_AUTOS = YES_AGGRESSIVE;
				GCC_WARN_UNUSED_FUNCTION = YES;
				GCC_WARN_UNUSED_VARIABLE = YES;
				IPHONEOS_DEPLOYMENT_TARGET = 11.2;
				MTL_ENABLE_DEBUG_INFO = YES;
				ONLY_ACTIVE_ARCH = YES;
				SDKROOT = iphoneos;
				SWIFT_ACTIVE_COMPILATION_CONDITIONS = DEBUG;
				SWIFT_OPTIMIZATION_LEVEL = "-Onone";
			};
			name = Debug;
		};
		BFBE2D51203CFD890074937F /* Release */ = {
			isa = XCBuildConfiguration;
			buildSettings = {
				ALWAYS_SEARCH_USER_PATHS = NO;
				CLANG_ANALYZER_NONNULL = YES;
				CLANG_ANALYZER_NUMBER_OBJECT_CONVERSION = YES_AGGRESSIVE;
				CLANG_CXX_LANGUAGE_STANDARD = "gnu++14";
				CLANG_CXX_LIBRARY = "libc++";
				CLANG_ENABLE_MODULES = YES;
				CLANG_ENABLE_OBJC_ARC = YES;
				CLANG_WARN_BLOCK_CAPTURE_AUTORELEASING = YES;
				CLANG_WARN_BOOL_CONVERSION = YES;
				CLANG_WARN_COMMA = YES;
				CLANG_WARN_CONSTANT_CONVERSION = YES;
				CLANG_WARN_DIRECT_OBJC_ISA_USAGE = YES_ERROR;
				CLANG_WARN_DOCUMENTATION_COMMENTS = YES;
				CLANG_WARN_EMPTY_BODY = YES;
				CLANG_WARN_ENUM_CONVERSION = YES;
				CLANG_WARN_INFINITE_RECURSION = YES;
				CLANG_WARN_INT_CONVERSION = YES;
				CLANG_WARN_NON_LITERAL_NULL_CONVERSION = YES;
				CLANG_WARN_OBJC_LITERAL_CONVERSION = YES;
				CLANG_WARN_OBJC_ROOT_CLASS = YES_ERROR;
				CLANG_WARN_RANGE_LOOP_ANALYSIS = YES;
				CLANG_WARN_STRICT_PROTOTYPES = YES;
				CLANG_WARN_SUSPICIOUS_MOVE = YES;
				CLANG_WARN_UNGUARDED_AVAILABILITY = YES_AGGRESSIVE;
				CLANG_WARN_UNREACHABLE_CODE = YES;
				CLANG_WARN__DUPLICATE_METHOD_MATCH = YES;
				CODE_SIGN_IDENTITY = "iPhone Developer";
				COPY_PHASE_STRIP = NO;
				DEBUG_INFORMATION_FORMAT = "dwarf-with-dsym";
				ENABLE_NS_ASSERTIONS = NO;
				ENABLE_STRICT_OBJC_MSGSEND = YES;
				GCC_C_LANGUAGE_STANDARD = gnu11;
				GCC_NO_COMMON_BLOCKS = YES;
				GCC_WARN_64_TO_32_BIT_CONVERSION = YES;
				GCC_WARN_ABOUT_RETURN_TYPE = YES_ERROR;
				GCC_WARN_UNDECLARED_SELECTOR = YES;
				GCC_WARN_UNINITIALIZED_AUTOS = YES_AGGRESSIVE;
				GCC_WARN_UNUSED_FUNCTION = YES;
				GCC_WARN_UNUSED_VARIABLE = YES;
				IPHONEOS_DEPLOYMENT_TARGET = 11.2;
				MTL_ENABLE_DEBUG_INFO = NO;
				SDKROOT = iphoneos;
				SWIFT_OPTIMIZATION_LEVEL = "-Owholemodule";
				VALIDATE_PRODUCT = YES;
			};
			name = Release;
		};
		BFBE2D53203CFD890074937F /* Debug */ = {
			isa = XCBuildConfiguration;
			baseConfigurationReference = 3FBCCC5A485B3D8409EF8B98 /* Pods-initgram.debug.xcconfig */;
			buildSettings = {
				ASSETCATALOG_COMPILER_APPICON_NAME = AppIcon;
				CODE_SIGN_STYLE = Automatic;
				DEVELOPMENT_TEAM = 2Y5XUSGWXK;
				INFOPLIST_FILE = initgram/Info.plist;
				LD_RUNPATH_SEARCH_PATHS = "$(inherited) @executable_path/Frameworks";
				PRODUCT_BUNDLE_IDENTIFIER = com.kinmanlui.initgram;
				PRODUCT_NAME = "$(TARGET_NAME)";
				SWIFT_VERSION = 4.0;
				TARGETED_DEVICE_FAMILY = "1,2";
			};
			name = Debug;
		};
		BFBE2D54203CFD890074937F /* Release */ = {
			isa = XCBuildConfiguration;
			baseConfigurationReference = 302A293542F559AF1FB968BF /* Pods-initgram.release.xcconfig */;
			buildSettings = {
				ASSETCATALOG_COMPILER_APPICON_NAME = AppIcon;
				CODE_SIGN_STYLE = Automatic;
				DEVELOPMENT_TEAM = 2Y5XUSGWXK;
				INFOPLIST_FILE = initgram/Info.plist;
				LD_RUNPATH_SEARCH_PATHS = "$(inherited) @executable_path/Frameworks";
				PRODUCT_BUNDLE_IDENTIFIER = com.kinmanlui.initgram;
				PRODUCT_NAME = "$(TARGET_NAME)";
				SWIFT_VERSION = 4.0;
				TARGETED_DEVICE_FAMILY = "1,2";
			};
			name = Release;
		};
		BFBE2D56203CFD890074937F /* Debug */ = {
			isa = XCBuildConfiguration;
			baseConfigurationReference = F3568C3977317EB530BE0895 /* Pods-initgramTests.debug.xcconfig */;
			buildSettings = {
				ALWAYS_EMBED_SWIFT_STANDARD_LIBRARIES = YES;
				BUNDLE_LOADER = "$(TEST_HOST)";
				CODE_SIGN_STYLE = Automatic;
				DEVELOPMENT_TEAM = 2Y5XUSGWXK;
				INFOPLIST_FILE = initgramTests/Info.plist;
				LD_RUNPATH_SEARCH_PATHS = "$(inherited) @executable_path/Frameworks @loader_path/Frameworks";
				PRODUCT_BUNDLE_IDENTIFIER = com.kinmanlui.initgramTests;
				PRODUCT_NAME = "$(TARGET_NAME)";
				SWIFT_VERSION = 4.0;
				TARGETED_DEVICE_FAMILY = "1,2";
				TEST_HOST = "$(BUILT_PRODUCTS_DIR)/initgram.app/initgram";
			};
			name = Debug;
		};
		BFBE2D57203CFD890074937F /* Release */ = {
			isa = XCBuildConfiguration;
			baseConfigurationReference = A7A49A554A4C5A800D1049D6 /* Pods-initgramTests.release.xcconfig */;
			buildSettings = {
				ALWAYS_EMBED_SWIFT_STANDARD_LIBRARIES = YES;
				BUNDLE_LOADER = "$(TEST_HOST)";
				CODE_SIGN_STYLE = Automatic;
				DEVELOPMENT_TEAM = 2Y5XUSGWXK;
				INFOPLIST_FILE = initgramTests/Info.plist;
				LD_RUNPATH_SEARCH_PATHS = "$(inherited) @executable_path/Frameworks @loader_path/Frameworks";
				PRODUCT_BUNDLE_IDENTIFIER = com.kinmanlui.initgramTests;
				PRODUCT_NAME = "$(TARGET_NAME)";
				SWIFT_VERSION = 4.0;
				TARGETED_DEVICE_FAMILY = "1,2";
				TEST_HOST = "$(BUILT_PRODUCTS_DIR)/initgram.app/initgram";
			};
			name = Release;
		};
		BFBE2D59203CFD890074937F /* Debug */ = {
			isa = XCBuildConfiguration;
			baseConfigurationReference = DB6107FE2BD5439D2C534EBC /* Pods-initgramUITests.debug.xcconfig */;
			buildSettings = {
				ALWAYS_EMBED_SWIFT_STANDARD_LIBRARIES = YES;
				CODE_SIGN_STYLE = Automatic;
				DEVELOPMENT_TEAM = 2Y5XUSGWXK;
				INFOPLIST_FILE = initgramUITests/Info.plist;
				LD_RUNPATH_SEARCH_PATHS = "$(inherited) @executable_path/Frameworks @loader_path/Frameworks";
				PRODUCT_BUNDLE_IDENTIFIER = com.kinmanlui.initgramUITests;
				PRODUCT_NAME = "$(TARGET_NAME)";
				SWIFT_VERSION = 4.0;
				TARGETED_DEVICE_FAMILY = "1,2";
				TEST_TARGET_NAME = initgram;
			};
			name = Debug;
		};
		BFBE2D5A203CFD890074937F /* Release */ = {
			isa = XCBuildConfiguration;
			baseConfigurationReference = 4FE60EC591FF750FFAA489C8 /* Pods-initgramUITests.release.xcconfig */;
			buildSettings = {
				ALWAYS_EMBED_SWIFT_STANDARD_LIBRARIES = YES;
				CODE_SIGN_STYLE = Automatic;
				DEVELOPMENT_TEAM = 2Y5XUSGWXK;
				INFOPLIST_FILE = initgramUITests/Info.plist;
				LD_RUNPATH_SEARCH_PATHS = "$(inherited) @executable_path/Frameworks @loader_path/Frameworks";
				PRODUCT_BUNDLE_IDENTIFIER = com.kinmanlui.initgramUITests;
				PRODUCT_NAME = "$(TARGET_NAME)";
				SWIFT_VERSION = 4.0;
				TARGETED_DEVICE_FAMILY = "1,2";
				TEST_TARGET_NAME = initgram;
			};
			name = Release;
		};
/* End XCBuildConfiguration section */

/* Begin XCConfigurationList section */
		BFBE2D25203CFD880074937F /* Build configuration list for PBXProject "initgram" */ = {
			isa = XCConfigurationList;
			buildConfigurations = (
				BFBE2D50203CFD890074937F /* Debug */,
				BFBE2D51203CFD890074937F /* Release */,
			);
			defaultConfigurationIsVisible = 0;
			defaultConfigurationName = Release;
		};
		BFBE2D52203CFD890074937F /* Build configuration list for PBXNativeTarget "initgram" */ = {
			isa = XCConfigurationList;
			buildConfigurations = (
				BFBE2D53203CFD890074937F /* Debug */,
				BFBE2D54203CFD890074937F /* Release */,
			);
			defaultConfigurationIsVisible = 0;
			defaultConfigurationName = Release;
		};
		BFBE2D55203CFD890074937F /* Build configuration list for PBXNativeTarget "initgramTests" */ = {
			isa = XCConfigurationList;
			buildConfigurations = (
				BFBE2D56203CFD890074937F /* Debug */,
				BFBE2D57203CFD890074937F /* Release */,
			);
			defaultConfigurationIsVisible = 0;
			defaultConfigurationName = Release;
		};
		BFBE2D58203CFD890074937F /* Build configuration list for PBXNativeTarget "initgramUITests" */ = {
			isa = XCConfigurationList;
			buildConfigurations = (
				BFBE2D59203CFD890074937F /* Debug */,
				BFBE2D5A203CFD890074937F /* Release */,
			);
			defaultConfigurationIsVisible = 0;
			defaultConfigurationName = Release;
		};
/* End XCConfigurationList section */
	};
	rootObject = BFBE2D22203CFD880074937F /* Project object */;
}
